// !$*UTF8*$!
{
	archiveVersion = 1;
	classes = {
	};
	objectVersion = 50;
	objects = {

/* Begin PBXBuildFile section */
		033E7CD125609B9900CCC195 /* AppDelegate.swift in Sources */ = {isa = PBXBuildFile; fileRef = 033E7CD025609B9900CCC195 /* AppDelegate.swift */; };
		033E7CD325609B9900CCC195 /* SceneDelegate.swift in Sources */ = {isa = PBXBuildFile; fileRef = 033E7CD225609B9900CCC195 /* SceneDelegate.swift */; };
		033E7CD525609B9900CCC195 /* ViewController.swift in Sources */ = {isa = PBXBuildFile; fileRef = 033E7CD425609B9900CCC195 /* ViewController.swift */; };
		033E7CD825609B9900CCC195 /* Main.storyboard in Resources */ = {isa = PBXBuildFile; fileRef = 033E7CD625609B9900CCC195 /* Main.storyboard */; };
		033E7CDA25609B9B00CCC195 /* Assets.xcassets in Resources */ = {isa = PBXBuildFile; fileRef = 033E7CD925609B9B00CCC195 /* Assets.xcassets */; };
		033E7CDD25609B9B00CCC195 /* LaunchScreen.storyboard in Resources */ = {isa = PBXBuildFile; fileRef = 033E7CDB25609B9B00CCC195 /* LaunchScreen.storyboard */; };
/* End PBXBuildFile section */

/* Begin PBXFileReference section */
		033E7CCD25609B9900CCC195 /* TestingTravisCI.app */ = {isa = PBXFileReference; explicitFileType = wrapper.application; includeInIndex = 0; path = TestingTravisCI.app; sourceTree = BUILT_PRODUCTS_DIR; };
		033E7CD025609B9900CCC195 /* AppDelegate.swift */ = {isa = PBXFileReference; lastKnownFileType = sourcecode.swift; path = AppDelegate.swift; sourceTree = "<group>"; };
		033E7CD225609B9900CCC195 /* SceneDelegate.swift */ = {isa = PBXFileReference; lastKnownFileType = sourcecode.swift; path = SceneDelegate.swift; sourceTree = "<group>"; };
		033E7CD425609B9900CCC195 /* ViewController.swift */ = {isa = PBXFileReference; lastKnownFileType = sourcecode.swift; path = ViewController.swift; sourceTree = "<group>"; };
		033E7CD725609B9900CCC195 /* Base */ = {isa = PBXFileReference; lastKnownFileType = file.storyboard; name = Base; path = Base.lproj/Main.storyboard; sourceTree = "<group>"; };
		033E7CD925609B9B00CCC195 /* Assets.xcassets */ = {isa = PBXFileReference; lastKnownFileType = folder.assetcatalog; path = Assets.xcassets; sourceTree = "<group>"; };
		033E7CDC25609B9B00CCC195 /* Base */ = {isa = PBXFileReference; lastKnownFileType = file.storyboard; name = Base; path = Base.lproj/LaunchScreen.storyboard; sourceTree = "<group>"; };
		033E7CDE25609B9B00CCC195 /* Info.plist */ = {isa = PBXFileReference; lastKnownFileType = text.plist.xml; path = Info.plist; sourceTree = "<group>"; };
/* End PBXFileReference section */

/* Begin PBXFrameworksBuildPhase section */
		033E7CCA25609B9900CCC195 /* Frameworks */ = {
			isa = PBXFrameworksBuildPhase;
			buildActionMask = 2147483647;
			files = (
			);
			runOnlyForDeploymentPostprocessing = 0;
		};
/* End PBXFrameworksBuildPhase section */

/* Begin PBXGroup section */
		033E7CC425609B9900CCC195 = {
			isa = PBXGroup;
			children = (
				033E7CCF25609B9900CCC195 /* TestingTravisCI */,
				033E7CCE25609B9900CCC195 /* Products */,
			);
			sourceTree = "<group>";
		};
		033E7CCE25609B9900CCC195 /* Products */ = {
			isa = PBXGroup;
			children = (
				033E7CCD25609B9900CCC195 /* TestingTravisCI.app */,
			);
			name = Products;
			sourceTree = "<group>";
		};
		033E7CCF25609B9900CCC195 /* TestingTravisCI */ = {
			isa = PBXGroup;
			children = (
				033E7CD025609B9900CCC195 /* AppDelegate.swift */,
				033E7CD225609B9900CCC195 /* SceneDelegate.swift */,
				033E7CD425609B9900CCC195 /* ViewController.swift */,
				033E7CD625609B9900CCC195 /* Main.storyboard */,
				033E7CD925609B9B00CCC195 /* Assets.xcassets */,
				033E7CDB25609B9B00CCC195 /* LaunchScreen.storyboard */,
				033E7CDE25609B9B00CCC195 /* Info.plist */,
			);
			path = TestingTravisCI;
			sourceTree = "<group>";
		};
/* End PBXGroup section */

/* Begin PBXNativeTarget section */
		033E7CCC25609B9900CCC195 /* TestingTravisCI */ = {
			isa = PBXNativeTarget;
			buildConfigurationList = 033E7CE125609B9B00CCC195 /* Build configuration list for PBXNativeTarget "TestingTravisCI" */;
			buildPhases = (
				033E7CC925609B9900CCC195 /* Sources */,
				033E7CCA25609B9900CCC195 /* Frameworks */,
				033E7CCB25609B9900CCC195 /* Resources */,
			);
			buildRules = (
			);
			dependencies = (
			);
			name = TestingTravisCI;
			productName = TestingTravisCI;
			productReference = 033E7CCD25609B9900CCC195 /* TestingTravisCI.app */;
			productType = "com.apple.product-type.application";
		};
/* End PBXNativeTarget section */

/* Begin PBXProject section */
		033E7CC525609B9900CCC195 /* Project object */ = {
			isa = PBXProject;
			attributes = {
				LastSwiftUpdateCheck = 1220;
				LastUpgradeCheck = 1220;
				TargetAttributes = {
					033E7CCC25609B9900CCC195 = {
						CreatedOnToolsVersion = 12.2;
					};
				};
			};
			buildConfigurationList = 033E7CC825609B9900CCC195 /* Build configuration list for PBXProject "TestingTravisCI" */;
			compatibilityVersion = "Xcode 9.3";
			developmentRegion = en;
			hasScannedForEncodings = 0;
			knownRegions = (
				en,
				Base,
			);
			mainGroup = 033E7CC425609B9900CCC195;
			productRefGroup = 033E7CCE25609B9900CCC195 /* Products */;
			projectDirPath = "";
			projectRoot = "";
			targets = (
				033E7CCC25609B9900CCC195 /* TestingTravisCI */,
			);
		};
/* End PBXProject section */

/* Begin PBXResourcesBuildPhase section */
		033E7CCB25609B9900CCC195 /* Resources */ = {
			isa = PBXResourcesBuildPhase;
			buildActionMask = 2147483647;
			files = (
				033E7CDD25609B9B00CCC195 /* LaunchScreen.storyboard in Resources */,
				033E7CDA25609B9B00CCC195 /* Assets.xcassets in Resources */,
				033E7CD825609B9900CCC195 /* Main.storyboard in Resources */,
			);
			runOnlyForDeploymentPostprocessing = 0;
		};
/* End PBXResourcesBuildPhase section */

/* Begin PBXSourcesBuildPhase section */
		033E7CC925609B9900CCC195 /* Sources */ = {
			isa = PBXSourcesBuildPhase;
			buildActionMask = 2147483647;
			files = (
				033E7CD525609B9900CCC195 /* ViewController.swift in Sources */,
				033E7CD125609B9900CCC195 /* AppDelegate.swift in Sources */,
				033E7CD325609B9900CCC195 /* SceneDelegate.swift in Sources */,
			);
			runOnlyForDeploymentPostprocessing = 0;
		};
/* End PBXSourcesBuildPhase section */

/* Begin PBXVariantGroup section */
		033E7CD625609B9900CCC195 /* Main.storyboard */ = {
			isa = PBXVariantGroup;
			children = (
				033E7CD725609B9900CCC195 /* Base */,
			);
			name = Main.storyboard;
			sourceTree = "<group>";
		};
		033E7CDB25609B9B00CCC195 /* LaunchScreen.storyboard */ = {
			isa = PBXVariantGroup;
			children = (
				033E7CDC25609B9B00CCC195 /* Base */,
			);
			name = LaunchScreen.storyboard;
			sourceTree = "<group>";
		};
/* End PBXVariantGroup section */

/* Begin XCBuildConfiguration section */
		033E7CDF25609B9B00CCC195 /* Debug */ = {
			isa = XCBuildConfiguration;
			buildSettings = {
				ALWAYS_SEARCH_USER_PATHS = NO;
				CLANG_ANALYZER_NONNULL = YES;
				CLANG_ANALYZER_NUMBER_OBJECT_CONVERSION = YES_AGGRESSIVE;
				CLANG_CXX_LANGUAGE_STANDARD = "gnu++14";
				CLANG_CXX_LIBRARY = "libc++";
				CLANG_ENABLE_MODULES = YES;
				CLANG_ENABLE_OBJC_ARC = YES;
				CLANG_ENABLE_OBJC_WEAK = YES;
				CLANG_WARN_BLOCK_CAPTURE_AUTORELEASING = YES;
				CLANG_WARN_BOOL_CONVERSION = YES;
				CLANG_WARN_COMMA = YES;
				CLANG_WARN_CONSTANT_CONVERSION = YES;
				CLANG_WARN_DEPRECATED_OBJC_IMPLEMENTATIONS = YES;
				CLANG_WARN_DIRECT_OBJC_ISA_USAGE = YES_ERROR;
				CLANG_WARN_DOCUMENTATION_COMMENTS = YES;
				CLANG_WARN_EMPTY_BODY = YES;
				CLANG_WARN_ENUM_CONVERSION = YES;
				CLANG_WARN_INFINITE_RECURSION = YES;
				CLANG_WARN_INT_CONVERSION = YES;
				CLANG_WARN_NON_LITERAL_NULL_CONVERSION = YES;
				CLANG_WARN_OBJC_IMPLICIT_RETAIN_SELF = YES;
				CLANG_WARN_OBJC_LITERAL_CONVERSION = YES;
				CLANG_WARN_OBJC_ROOT_CLASS = YES_ERROR;
				CLANG_WARN_QUOTED_INCLUDE_IN_FRAMEWORK_HEADER = YES;
				CLANG_WARN_RANGE_LOOP_ANALYSIS = YES;
				CLANG_WARN_STRICT_PROTOTYPES = YES;
				CLANG_WARN_SUSPICIOUS_MOVE = YES;
				CLANG_WARN_UNGUARDED_AVAILABILITY = YES_AGGRESSIVE;
				CLANG_WARN_UNREACHABLE_CODE = YES;
				CLANG_WARN__DUPLICATE_METHOD_MATCH = YES;
				COPY_PHASE_STRIP = NO;
				DEBUG_INFORMATION_FORMAT = dwarf;
				ENABLE_STRICT_OBJC_MSGSEND = YES;
				ENABLE_TESTABILITY = YES;
				GCC_C_LANGUAGE_STANDARD = gnu11;
				GCC_DYNAMIC_NO_PIC = NO;
				GCC_NO_COMMON_BLOCKS = YES;
				GCC_OPTIMIZATION_LEVEL = 0;
				GCC_PREPROCESSOR_DEFINITIONS = (
					"DEBUG=1",
					"$(inherited)",
				);
				GCC_WARN_64_TO_32_BIT_CONVERSION = YES;
				GCC_WARN_ABOUT_RETURN_TYPE = YES_ERROR;
				GCC_WARN_UNDECLARED_SELECTOR = YES;
				GCC_WARN_UNINITIALIZED_AUTOS = YES_AGGRESSIVE;
				GCC_WARN_UNUSED_FUNCTION = YES;
				GCC_WARN_UNUSED_VARIABLE = YES;
				IPHONEOS_DEPLOYMENT_TARGET = 14.2;
				MTL_ENABLE_DEBUG_INFO = INCLUDE_SOURCE;
				MTL_FAST_MATH = YES;
				ONLY_ACTIVE_ARCH = YES;
				SDKROOT = iphoneos;
				SWIFT_ACTIVE_COMPILATION_CONDITIONS = DEBUG;
				SWIFT_OPTIMIZATION_LEVEL = "-Onone";
			};
			name = Debug;
		};
		033E7CE025609B9B00CCC195 /* Release */ = {
			isa = XCBuildConfiguration;
			buildSettings = {
				ALWAYS_SEARCH_USER_PATHS = NO;
				CLANG_ANALYZER_NONNULL = YES;
				CLANG_ANALYZER_NUMBER_OBJECT_CONVERSION = YES_AGGRESSIVE;
				CLANG_CXX_LANGUAGE_STANDARD = "gnu++14";
				CLANG_CXX_LIBRARY = "libc++";
				CLANG_ENABLE_MODULES = YES;
				CLANG_ENABLE_OBJC_ARC = YES;
				CLANG_ENABLE_OBJC_WEAK = YES;
				CLANG_WARN_BLOCK_CAPTURE_AUTORELEASING = YES;
				CLANG_WARN_BOOL_CONVERSION = YES;
				CLANG_WARN_COMMA = YES;
				CLANG_WARN_CONSTANT_CONVERSION = YES;
				CLANG_WARN_DEPRECATED_OBJC_IMPLEMENTATIONS = YES;
				CLANG_WARN_DIRECT_OBJC_ISA_USAGE = YES_ERROR;
				CLANG_WARN_DOCUMENTATION_COMMENTS = YES;
				CLANG_WARN_EMPTY_BODY = YES;
				CLANG_WARN_ENUM_CONVERSION = YES;
				CLANG_WARN_INFINITE_RECURSION = YES;
				CLANG_WARN_INT_CONVERSION = YES;
				CLANG_WARN_NON_LITERAL_NULL_CONVERSION = YES;
				CLANG_WARN_OBJC_IMPLICIT_RETAIN_SELF = YES;
				CLANG_WARN_OBJC_LITERAL_CONVERSION = YES;
				CLANG_WARN_OBJC_ROOT_CLASS = YES_ERROR;
				CLANG_WARN_QUOTED_INCLUDE_IN_FRAMEWORK_HEADER = YES;
				CLANG_WARN_RANGE_LOOP_ANALYSIS = YES;
				CLANG_WARN_STRICT_PROTOTYPES = YES;
				CLANG_WARN_SUSPICIOUS_MOVE = YES;
				CLANG_WARN_UNGUARDED_AVAILABILITY = YES_AGGRESSIVE;
				CLANG_WARN_UNREACHABLE_CODE = YES;
				CLANG_WARN__DUPLICATE_METHOD_MATCH = YES;
				COPY_PHASE_STRIP = NO;
				DEBUG_INFORMATION_FORMAT = "dwarf-with-dsym";
				ENABLE_NS_ASSERTIONS = NO;
				ENABLE_STRICT_OBJC_MSGSEND = YES;
				GCC_C_LANGUAGE_STANDARD = gnu11;
				GCC_NO_COMMON_BLOCKS = YES;
				GCC_WARN_64_TO_32_BIT_CONVERSION = YES;
				GCC_WARN_ABOUT_RETURN_TYPE = YES_ERROR;
				GCC_WARN_UNDECLARED_SELECTOR = YES;
				GCC_WARN_UNINITIALIZED_AUTOS = YES_AGGRESSIVE;
				GCC_WARN_UNUSED_FUNCTION = YES;
				GCC_WARN_UNUSED_VARIABLE = YES;
				IPHONEOS_DEPLOYMENT_TARGET = 14.2;
				MTL_ENABLE_DEBUG_INFO = NO;
				MTL_FAST_MATH = YES;
				SDKROOT = iphoneos;
				SWIFT_COMPILATION_MODE = wholemodule;
				SWIFT_OPTIMIZATION_LEVEL = "-O";
				VALIDATE_PRODUCT = YES;
			};
			name = Release;
		};
		033E7CE225609B9B00CCC195 /* Debug */ = {
			isa = XCBuildConfiguration;
			buildSettings = {
				ASSETCATALOG_COMPILER_APPICON_NAME = AppIcon;
				ASSETCATALOG_COMPILER_GLOBAL_ACCENT_COLOR_NAME = AccentColor;
				CODE_SIGN_STYLE = Automatic;
				DEVELOPMENT_TEAM = EE3B57HHQP;
				INFOPLIST_FILE = TestingTravisCI/Info.plist;
				LD_RUNPATH_SEARCH_PATHS = (
					"$(inherited)",
					"@executable_path/Frameworks",
				);
				PRODUCT_BUNDLE_IDENTIFIER = com.maherali.TestingTravisCI;
				PRODUCT_NAME = "$(TARGET_NAME)";
				SWIFT_VERSION = 5.0;
				TARGETED_DEVICE_FAMILY = "1,2";
			};
			name = Debug;
		};
		033E7CE325609B9B00CCC195 /* Release */ = {
			isa = XCBuildConfiguration;
			buildSettings = {
				ASSETCATALOG_COMPILER_APPICON_NAME = AppIcon;
				ASSETCATALOG_COMPILER_GLOBAL_ACCENT_COLOR_NAME = AccentColor;
				CODE_SIGN_STYLE = Automatic;
				DEVELOPMENT_TEAM = EE3B57HHQP;
				INFOPLIST_FILE = TestingTravisCI/Info.plist;
				LD_RUNPATH_SEARCH_PATHS = (
					"$(inherited)",
					"@executable_path/Frameworks",
				);
				PRODUCT_BUNDLE_IDENTIFIER = com.maherali.TestingTravisCI;
				PRODUCT_NAME = "$(TARGET_NAME)";
				SWIFT_VERSION = 5.0;
				TARGETED_DEVICE_FAMILY = "1,2";
			};
			name = Release;
		};
/* End XCBuildConfiguration section */

/* Begin XCConfigurationList section */
		033E7CC825609B9900CCC195 /* Build configuration list for PBXProject "TestingTravisCI" */ = {
			isa = XCConfigurationList;
			buildConfigurations = (
				033E7CDF25609B9B00CCC195 /* Debug */,
				033E7CE025609B9B00CCC195 /* Release */,
			);
			defaultConfigurationIsVisible = 0;
			defaultConfigurationName = Release;
		};
		033E7CE125609B9B00CCC195 /* Build configuration list for PBXNativeTarget "TestingTravisCI" */ = {
			isa = XCConfigurationList;
			buildConfigurations = (
				033E7CE225609B9B00CCC195 /* Debug */,
				033E7CE325609B9B00CCC195 /* Release */,
			);
			defaultConfigurationIsVisible = 0;
			defaultConfigurationName = Release;
		};
/* End XCConfigurationList section */
	};
	rootObject = 033E7CC525609B9900CCC195 /* Project object */;
}
